// !$*UTF8*$!
{
	archiveVersion = 1;
	classes = {
	};
	objectVersion = 52;
	objects = {

/* Begin PBXBuildFile section */
		84B5A01E242CFDA700736FD1 /* AppDelegate.swift in Sources */ = {isa = PBXBuildFile; fileRef = 84B5A01D242CFDA700736FD1 /* AppDelegate.swift */; };
		84B5A020242CFDA700736FD1 /* SceneDelegate.swift in Sources */ = {isa = PBXBuildFile; fileRef = 84B5A01F242CFDA700736FD1 /* SceneDelegate.swift */; };
		84B5A022242CFDA700736FD1 /* ViewController.swift in Sources */ = {isa = PBXBuildFile; fileRef = 84B5A021242CFDA700736FD1 /* ViewController.swift */; };
		84B5A025242CFDA700736FD1 /* Main.storyboard in Resources */ = {isa = PBXBuildFile; fileRef = 84B5A023242CFDA700736FD1 /* Main.storyboard */; };
		84B5A027242CFDBD00736FD1 /* Assets.xcassets in Resources */ = {isa = PBXBuildFile; fileRef = 84B5A026242CFDBD00736FD1 /* Assets.xcassets */; };
		84B5A02A242CFDBD00736FD1 /* LaunchScreen.storyboard in Resources */ = {isa = PBXBuildFile; fileRef = 84B5A028242CFDBD00736FD1 /* LaunchScreen.storyboard */; };
		84B5A035242CFDBE00736FD1 /* DiplomTests.swift in Sources */ = {isa = PBXBuildFile; fileRef = 84B5A034242CFDBE00736FD1 /* DiplomTests.swift */; };
		84B5A040242CFDBE00736FD1 /* DiplomUITests.swift in Sources */ = {isa = PBXBuildFile; fileRef = 84B5A03F242CFDBE00736FD1 /* DiplomUITests.swift */; };
		84FCC18E242DDC29008F8F3B /* ExpenseViewCell.swift in Sources */ = {isa = PBXBuildFile; fileRef = 84FCC18D242DDC29008F8F3B /* ExpenseViewCell.swift */; };
		84FCC191242DDF99008F8F3B /* Realm in Frameworks */ = {isa = PBXBuildFile; productRef = 84FCC190242DDF99008F8F3B /* Realm */; };
		84FCC193242DDF99008F8F3B /* RealmSwift in Frameworks */ = {isa = PBXBuildFile; productRef = 84FCC192242DDF99008F8F3B /* RealmSwift */; };
		84FCC195242DDFDB008F8F3B /* Expense.swift in Sources */ = {isa = PBXBuildFile; fileRef = 84FCC194242DDFDB008F8F3B /* Expense.swift */; };
/* End PBXBuildFile section */

/* Begin PBXContainerItemProxy section */
		84B5A031242CFDBE00736FD1 /* PBXContainerItemProxy */ = {
			isa = PBXContainerItemProxy;
			containerPortal = 84B5A012242CFDA700736FD1 /* Project object */;
			proxyType = 1;
			remoteGlobalIDString = 84B5A019242CFDA700736FD1;
			remoteInfo = Diplom;
		};
		84B5A03C242CFDBE00736FD1 /* PBXContainerItemProxy */ = {
			isa = PBXContainerItemProxy;
			containerPortal = 84B5A012242CFDA700736FD1 /* Project object */;
			proxyType = 1;
			remoteGlobalIDString = 84B5A019242CFDA700736FD1;
			remoteInfo = Diplom;
		};
/* End PBXContainerItemProxy section */

/* Begin PBXFileReference section */
		84B5A01A242CFDA700736FD1 /* Diplom.app */ = {isa = PBXFileReference; explicitFileType = wrapper.application; includeInIndex = 0; path = Diplom.app; sourceTree = BUILT_PRODUCTS_DIR; };
		84B5A01D242CFDA700736FD1 /* AppDelegate.swift */ = {isa = PBXFileReference; lastKnownFileType = sourcecode.swift; path = AppDelegate.swift; sourceTree = "<group>"; };
		84B5A01F242CFDA700736FD1 /* SceneDelegate.swift */ = {isa = PBXFileReference; lastKnownFileType = sourcecode.swift; path = SceneDelegate.swift; sourceTree = "<group>"; };
		84B5A021242CFDA700736FD1 /* ViewController.swift */ = {isa = PBXFileReference; lastKnownFileType = sourcecode.swift; path = ViewController.swift; sourceTree = "<group>"; };
		84B5A024242CFDA700736FD1 /* Base */ = {isa = PBXFileReference; lastKnownFileType = file.storyboard; name = Base; path = Base.lproj/Main.storyboard; sourceTree = "<group>"; };
		84B5A026242CFDBD00736FD1 /* Assets.xcassets */ = {isa = PBXFileReference; lastKnownFileType = folder.assetcatalog; path = Assets.xcassets; sourceTree = "<group>"; };
		84B5A029242CFDBD00736FD1 /* Base */ = {isa = PBXFileReference; lastKnownFileType = file.storyboard; name = Base; path = Base.lproj/LaunchScreen.storyboard; sourceTree = "<group>"; };
		84B5A02B242CFDBD00736FD1 /* Info.plist */ = {isa = PBXFileReference; lastKnownFileType = text.plist.xml; path = Info.plist; sourceTree = "<group>"; };
		84B5A030242CFDBE00736FD1 /* DiplomTests.xctest */ = {isa = PBXFileReference; explicitFileType = wrapper.cfbundle; includeInIndex = 0; path = DiplomTests.xctest; sourceTree = BUILT_PRODUCTS_DIR; };
		84B5A034242CFDBE00736FD1 /* DiplomTests.swift */ = {isa = PBXFileReference; lastKnownFileType = sourcecode.swift; path = DiplomTests.swift; sourceTree = "<group>"; };
		84B5A036242CFDBE00736FD1 /* Info.plist */ = {isa = PBXFileReference; lastKnownFileType = text.plist.xml; path = Info.plist; sourceTree = "<group>"; };
		84B5A03B242CFDBE00736FD1 /* DiplomUITests.xctest */ = {isa = PBXFileReference; explicitFileType = wrapper.cfbundle; includeInIndex = 0; path = DiplomUITests.xctest; sourceTree = BUILT_PRODUCTS_DIR; };
		84B5A03F242CFDBE00736FD1 /* DiplomUITests.swift */ = {isa = PBXFileReference; lastKnownFileType = sourcecode.swift; path = DiplomUITests.swift; sourceTree = "<group>"; };
		84B5A041242CFDBE00736FD1 /* Info.plist */ = {isa = PBXFileReference; lastKnownFileType = text.plist.xml; path = Info.plist; sourceTree = "<group>"; };
		84FCC18D242DDC29008F8F3B /* ExpenseViewCell.swift */ = {isa = PBXFileReference; lastKnownFileType = sourcecode.swift; path = ExpenseViewCell.swift; sourceTree = "<group>"; };
		84FCC194242DDFDB008F8F3B /* Expense.swift */ = {isa = PBXFileReference; lastKnownFileType = sourcecode.swift; path = Expense.swift; sourceTree = "<group>"; };
/* End PBXFileReference section */

/* Begin PBXFrameworksBuildPhase section */
		84B5A017242CFDA700736FD1 /* Frameworks */ = {
			isa = PBXFrameworksBuildPhase;
			buildActionMask = 2147483647;
			files = (
				84FCC193242DDF99008F8F3B /* RealmSwift in Frameworks */,
				84FCC191242DDF99008F8F3B /* Realm in Frameworks */,
			);
			runOnlyForDeploymentPostprocessing = 0;
		};
		84B5A02D242CFDBE00736FD1 /* Frameworks */ = {
			isa = PBXFrameworksBuildPhase;
			buildActionMask = 2147483647;
			files = (
			);
			runOnlyForDeploymentPostprocessing = 0;
		};
		84B5A038242CFDBE00736FD1 /* Frameworks */ = {
			isa = PBXFrameworksBuildPhase;
			buildActionMask = 2147483647;
			files = (
			);
			runOnlyForDeploymentPostprocessing = 0;
		};
/* End PBXFrameworksBuildPhase section */

/* Begin PBXGroup section */
		84B5A011242CFDA700736FD1 = {
			isa = PBXGroup;
			children = (
				84B5A01C242CFDA700736FD1 /* Diplom */,
				84B5A033242CFDBE00736FD1 /* DiplomTests */,
				84B5A03E242CFDBE00736FD1 /* DiplomUITests */,
				84B5A01B242CFDA700736FD1 /* Products */,
			);
			sourceTree = "<group>";
		};
		84B5A01B242CFDA700736FD1 /* Products */ = {
			isa = PBXGroup;
			children = (
				84B5A01A242CFDA700736FD1 /* Diplom.app */,
				84B5A030242CFDBE00736FD1 /* DiplomTests.xctest */,
				84B5A03B242CFDBE00736FD1 /* DiplomUITests.xctest */,
			);
			name = Products;
			sourceTree = "<group>";
		};
		84B5A01C242CFDA700736FD1 /* Diplom */ = {
			isa = PBXGroup;
			children = (
				84B5A01D242CFDA700736FD1 /* AppDelegate.swift */,
				84B5A01F242CFDA700736FD1 /* SceneDelegate.swift */,
				84B5A021242CFDA700736FD1 /* ViewController.swift */,
				84B5A023242CFDA700736FD1 /* Main.storyboard */,
				84B5A026242CFDBD00736FD1 /* Assets.xcassets */,
				84B5A028242CFDBD00736FD1 /* LaunchScreen.storyboard */,
				84B5A02B242CFDBD00736FD1 /* Info.plist */,
				84FCC18D242DDC29008F8F3B /* ExpenseViewCell.swift */,
				84FCC194242DDFDB008F8F3B /* Expense.swift */,
			);
			path = Diplom;
			sourceTree = "<group>";
		};
		84B5A033242CFDBE00736FD1 /* DiplomTests */ = {
			isa = PBXGroup;
			children = (
				84B5A034242CFDBE00736FD1 /* DiplomTests.swift */,
				84B5A036242CFDBE00736FD1 /* Info.plist */,
			);
			path = DiplomTests;
			sourceTree = "<group>";
		};
		84B5A03E242CFDBE00736FD1 /* DiplomUITests */ = {
			isa = PBXGroup;
			children = (
				84B5A03F242CFDBE00736FD1 /* DiplomUITests.swift */,
				84B5A041242CFDBE00736FD1 /* Info.plist */,
			);
			path = DiplomUITests;
			sourceTree = "<group>";
		};
/* End PBXGroup section */

/* Begin PBXNativeTarget section */
		84B5A019242CFDA700736FD1 /* Diplom */ = {
			isa = PBXNativeTarget;
			buildConfigurationList = 84B5A044242CFDBE00736FD1 /* Build configuration list for PBXNativeTarget "Diplom" */;
			buildPhases = (
				84B5A016242CFDA700736FD1 /* Sources */,
				84B5A017242CFDA700736FD1 /* Frameworks */,
				84B5A018242CFDA700736FD1 /* Resources */,
			);
			buildRules = (
			);
			dependencies = (
			);
			name = Diplom;
			packageProductDependencies = (
				84FCC190242DDF99008F8F3B /* Realm */,
				84FCC192242DDF99008F8F3B /* RealmSwift */,
			);
			productName = Diplom;
			productReference = 84B5A01A242CFDA700736FD1 /* Diplom.app */;
			productType = "com.apple.product-type.application";
		};
		84B5A02F242CFDBE00736FD1 /* DiplomTests */ = {
			isa = PBXNativeTarget;
			buildConfigurationList = 84B5A047242CFDBE00736FD1 /* Build configuration list for PBXNativeTarget "DiplomTests" */;
			buildPhases = (
				84B5A02C242CFDBE00736FD1 /* Sources */,
				84B5A02D242CFDBE00736FD1 /* Frameworks */,
				84B5A02E242CFDBE00736FD1 /* Resources */,
			);
			buildRules = (
			);
			dependencies = (
				84B5A032242CFDBE00736FD1 /* PBXTargetDependency */,
			);
			name = DiplomTests;
			productName = DiplomTests;
			productReference = 84B5A030242CFDBE00736FD1 /* DiplomTests.xctest */;
			productType = "com.apple.product-type.bundle.unit-test";
		};
		84B5A03A242CFDBE00736FD1 /* DiplomUITests */ = {
			isa = PBXNativeTarget;
			buildConfigurationList = 84B5A04A242CFDBE00736FD1 /* Build configuration list for PBXNativeTarget "DiplomUITests" */;
			buildPhases = (
				84B5A037242CFDBE00736FD1 /* Sources */,
				84B5A038242CFDBE00736FD1 /* Frameworks */,
				84B5A039242CFDBE00736FD1 /* Resources */,
			);
			buildRules = (
			);
			dependencies = (
				84B5A03D242CFDBE00736FD1 /* PBXTargetDependency */,
			);
			name = DiplomUITests;
			productName = DiplomUITests;
			productReference = 84B5A03B242CFDBE00736FD1 /* DiplomUITests.xctest */;
			productType = "com.apple.product-type.bundle.ui-testing";
		};
/* End PBXNativeTarget section */

/* Begin PBXProject section */
		84B5A012242CFDA700736FD1 /* Project object */ = {
			isa = PBXProject;
			attributes = {
				LastSwiftUpdateCheck = 1140;
				LastUpgradeCheck = 1140;
				ORGANIZATIONNAME = Admin;
				TargetAttributes = {
					84B5A019242CFDA700736FD1 = {
						CreatedOnToolsVersion = 11.4;
					};
					84B5A02F242CFDBE00736FD1 = {
						CreatedOnToolsVersion = 11.4;
						TestTargetID = 84B5A019242CFDA700736FD1;
					};
					84B5A03A242CFDBE00736FD1 = {
						CreatedOnToolsVersion = 11.4;
						TestTargetID = 84B5A019242CFDA700736FD1;
					};
				};
			};
			buildConfigurationList = 84B5A015242CFDA700736FD1 /* Build configuration list for PBXProject "Diplom" */;
			compatibilityVersion = "Xcode 9.3";
			developmentRegion = en;
			hasScannedForEncodings = 0;
			knownRegions = (
				en,
				Base,
			);
			mainGroup = 84B5A011242CFDA700736FD1;
			packageReferences = (
				84FCC18F242DDF98008F8F3B /* XCRemoteSwiftPackageReference "realm-cocoa" */,
			);
			productRefGroup = 84B5A01B242CFDA700736FD1 /* Products */;
			projectDirPath = "";
			projectRoot = "";
			targets = (
				84B5A019242CFDA700736FD1 /* Diplom */,
				84B5A02F242CFDBE00736FD1 /* DiplomTests */,
				84B5A03A242CFDBE00736FD1 /* DiplomUITests */,
			);
		};
/* End PBXProject section */

/* Begin PBXResourcesBuildPhase section */
		84B5A018242CFDA700736FD1 /* Resources */ = {
			isa = PBXResourcesBuildPhase;
			buildActionMask = 2147483647;
			files = (
				84B5A02A242CFDBD00736FD1 /* LaunchScreen.storyboard in Resources */,
				84B5A027242CFDBD00736FD1 /* Assets.xcassets in Resources */,
				84B5A025242CFDA700736FD1 /* Main.storyboard in Resources */,
			);
			runOnlyForDeploymentPostprocessing = 0;
		};
		84B5A02E242CFDBE00736FD1 /* Resources */ = {
			isa = PBXResourcesBuildPhase;
			buildActionMask = 2147483647;
			files = (
			);
			runOnlyForDeploymentPostprocessing = 0;
		};
		84B5A039242CFDBE00736FD1 /* Resources */ = {
			isa = PBXResourcesBuildPhase;
			buildActionMask = 2147483647;
			files = (
			);
			runOnlyForDeploymentPostprocessing = 0;
		};
/* End PBXResourcesBuildPhase section */

/* Begin PBXSourcesBuildPhase section */
		84B5A016242CFDA700736FD1 /* Sources */ = {
			isa = PBXSourcesBuildPhase;
			buildActionMask = 2147483647;
			files = (
				84B5A022242CFDA700736FD1 /* ViewController.swift in Sources */,
				84B5A01E242CFDA700736FD1 /* AppDelegate.swift in Sources */,
				84B5A020242CFDA700736FD1 /* SceneDelegate.swift in Sources */,
				84FCC18E242DDC29008F8F3B /* ExpenseViewCell.swift in Sources */,
				84FCC195242DDFDB008F8F3B /* Expense.swift in Sources */,
			);
			runOnlyForDeploymentPostprocessing = 0;
		};
		84B5A02C242CFDBE00736FD1 /* Sources */ = {
			isa = PBXSourcesBuildPhase;
			buildActionMask = 2147483647;
			files = (
				84B5A035242CFDBE00736FD1 /* DiplomTests.swift in Sources */,
			);
			runOnlyForDeploymentPostprocessing = 0;
		};
		84B5A037242CFDBE00736FD1 /* Sources */ = {
			isa = PBXSourcesBuildPhase;
			buildActionMask = 2147483647;
			files = (
				84B5A040242CFDBE00736FD1 /* DiplomUITests.swift in Sources */,
			);
			runOnlyForDeploymentPostprocessing = 0;
		};
/* End PBXSourcesBuildPhase section */

/* Begin PBXTargetDependency section */
		84B5A032242CFDBE00736FD1 /* PBXTargetDependency */ = {
			isa = PBXTargetDependency;
			target = 84B5A019242CFDA700736FD1 /* Diplom */;
			targetProxy = 84B5A031242CFDBE00736FD1 /* PBXContainerItemProxy */;
		};
		84B5A03D242CFDBE00736FD1 /* PBXTargetDependency */ = {
			isa = PBXTargetDependency;
			target = 84B5A019242CFDA700736FD1 /* Diplom */;
			targetProxy = 84B5A03C242CFDBE00736FD1 /* PBXContainerItemProxy */;
		};
/* End PBXTargetDependency section */

/* Begin PBXVariantGroup section */
		84B5A023242CFDA700736FD1 /* Main.storyboard */ = {
			isa = PBXVariantGroup;
			children = (
				84B5A024242CFDA700736FD1 /* Base */,
			);
			name = Main.storyboard;
			sourceTree = "<group>";
		};
		84B5A028242CFDBD00736FD1 /* LaunchScreen.storyboard */ = {
			isa = PBXVariantGroup;
			children = (
				84B5A029242CFDBD00736FD1 /* Base */,
			);
			name = LaunchScreen.storyboard;
			sourceTree = "<group>";
		};
/* End PBXVariantGroup section */

/* Begin XCBuildConfiguration section */
		84B5A042242CFDBE00736FD1 /* Debug */ = {
			isa = XCBuildConfiguration;
			buildSettings = {
				ALWAYS_SEARCH_USER_PATHS = NO;
				CLANG_ANALYZER_NONNULL = YES;
				CLANG_ANALYZER_NUMBER_OBJECT_CONVERSION = YES_AGGRESSIVE;
				CLANG_CXX_LANGUAGE_STANDARD = "gnu++14";
				CLANG_CXX_LIBRARY = "libc++";
				CLANG_ENABLE_MODULES = YES;
				CLANG_ENABLE_OBJC_ARC = YES;
				CLANG_ENABLE_OBJC_WEAK = YES;
				CLANG_WARN_BLOCK_CAPTURE_AUTORELEASING = YES;
				CLANG_WARN_BOOL_CONVERSION = YES;
				CLANG_WARN_COMMA = YES;
				CLANG_WARN_CONSTANT_CONVERSION = YES;
				CLANG_WARN_DEPRECATED_OBJC_IMPLEMENTATIONS = YES;
				CLANG_WARN_DIRECT_OBJC_ISA_USAGE = YES_ERROR;
				CLANG_WARN_DOCUMENTATION_COMMENTS = YES;
				CLANG_WARN_EMPTY_BODY = YES;
				CLANG_WARN_ENUM_CONVERSION = YES;
				CLANG_WARN_INFINITE_RECURSION = YES;
				CLANG_WARN_INT_CONVERSION = YES;
				CLANG_WARN_NON_LITERAL_NULL_CONVERSION = YES;
				CLANG_WARN_OBJC_IMPLICIT_RETAIN_SELF = YES;
				CLANG_WARN_OBJC_LITERAL_CONVERSION = YES;
				CLANG_WARN_OBJC_ROOT_CLASS = YES_ERROR;
				CLANG_WARN_RANGE_LOOP_ANALYSIS = YES;
				CLANG_WARN_STRICT_PROTOTYPES = YES;
				CLANG_WARN_SUSPICIOUS_MOVE = YES;
				CLANG_WARN_UNGUARDED_AVAILABILITY = YES_AGGRESSIVE;
				CLANG_WARN_UNREACHABLE_CODE = YES;
				CLANG_WARN__DUPLICATE_METHOD_MATCH = YES;
				COPY_PHASE_STRIP = NO;
				DEBUG_INFORMATION_FORMAT = dwarf;
				ENABLE_STRICT_OBJC_MSGSEND = YES;
				ENABLE_TESTABILITY = YES;
				GCC_C_LANGUAGE_STANDARD = gnu11;
				GCC_DYNAMIC_NO_PIC = NO;
				GCC_NO_COMMON_BLOCKS = YES;
				GCC_OPTIMIZATION_LEVEL = 0;
				GCC_PREPROCESSOR_DEFINITIONS = (
					"DEBUG=1",
					"$(inherited)",
				);
				GCC_WARN_64_TO_32_BIT_CONVERSION = YES;
				GCC_WARN_ABOUT_RETURN_TYPE = YES_ERROR;
				GCC_WARN_UNDECLARED_SELECTOR = YES;
				GCC_WARN_UNINITIALIZED_AUTOS = YES_AGGRESSIVE;
				GCC_WARN_UNUSED_FUNCTION = YES;
				GCC_WARN_UNUSED_VARIABLE = YES;
				IPHONEOS_DEPLOYMENT_TARGET = 13.4;
				MTL_ENABLE_DEBUG_INFO = INCLUDE_SOURCE;
				MTL_FAST_MATH = YES;
				ONLY_ACTIVE_ARCH = YES;
				SDKROOT = iphoneos;
				SWIFT_ACTIVE_COMPILATION_CONDITIONS = DEBUG;
				SWIFT_OPTIMIZATION_LEVEL = "-Onone";
			};
			name = Debug;
		};
		84B5A043242CFDBE00736FD1 /* Release */ = {
			isa = XCBuildConfiguration;
			buildSettings = {
				ALWAYS_SEARCH_USER_PATHS = NO;
				CLANG_ANALYZER_NONNULL = YES;
				CLANG_ANALYZER_NUMBER_OBJECT_CONVERSION = YES_AGGRESSIVE;
				CLANG_CXX_LANGUAGE_STANDARD = "gnu++14";
				CLANG_CXX_LIBRARY = "libc++";
				CLANG_ENABLE_MODULES = YES;
				CLANG_ENABLE_OBJC_ARC = YES;
				CLANG_ENABLE_OBJC_WEAK = YES;
				CLANG_WARN_BLOCK_CAPTURE_AUTORELEASING = YES;
				CLANG_WARN_BOOL_CONVERSION = YES;
				CLANG_WARN_COMMA = YES;
				CLANG_WARN_CONSTANT_CONVERSION = YES;
				CLANG_WARN_DEPRECATED_OBJC_IMPLEMENTATIONS = YES;
				CLANG_WARN_DIRECT_OBJC_ISA_USAGE = YES_ERROR;
				CLANG_WARN_DOCUMENTATION_COMMENTS = YES;
				CLANG_WARN_EMPTY_BODY = YES;
				CLANG_WARN_ENUM_CONVERSION = YES;
				CLANG_WARN_INFINITE_RECURSION = YES;
				CLANG_WARN_INT_CONVERSION = YES;
				CLANG_WARN_NON_LITERAL_NULL_CONVERSION = YES;
				CLANG_WARN_OBJC_IMPLICIT_RETAIN_SELF = YES;
				CLANG_WARN_OBJC_LITERAL_CONVERSION = YES;
				CLANG_WARN_OBJC_ROOT_CLASS = YES_ERROR;
				CLANG_WARN_RANGE_LOOP_ANALYSIS = YES;
				CLANG_WARN_STRICT_PROTOTYPES = YES;
				CLANG_WARN_SUSPICIOUS_MOVE = YES;
				CLANG_WARN_UNGUARDED_AVAILABILITY = YES_AGGRESSIVE;
				CLANG_WARN_UNREACHABLE_CODE = YES;
				CLANG_WARN__DUPLICATE_METHOD_MATCH = YES;
				COPY_PHASE_STRIP = NO;
				DEBUG_INFORMATION_FORMAT = "dwarf-with-dsym";
				ENABLE_NS_ASSERTIONS = NO;
				ENABLE_STRICT_OBJC_MSGSEND = YES;
				GCC_C_LANGUAGE_STANDARD = gnu11;
				GCC_NO_COMMON_BLOCKS = YES;
				GCC_WARN_64_TO_32_BIT_CONVERSION = YES;
				GCC_WARN_ABOUT_RETURN_TYPE = YES_ERROR;
				GCC_WARN_UNDECLARED_SELECTOR = YES;
				GCC_WARN_UNINITIALIZED_AUTOS = YES_AGGRESSIVE;
				GCC_WARN_UNUSED_FUNCTION = YES;
				GCC_WARN_UNUSED_VARIABLE = YES;
				IPHONEOS_DEPLOYMENT_TARGET = 13.4;
				MTL_ENABLE_DEBUG_INFO = NO;
				MTL_FAST_MATH = YES;
				SDKROOT = iphoneos;
				SWIFT_COMPILATION_MODE = wholemodule;
				SWIFT_OPTIMIZATION_LEVEL = "-O";
				VALIDATE_PRODUCT = YES;
			};
			name = Release;
		};
		84B5A045242CFDBE00736FD1 /* Debug */ = {
			isa = XCBuildConfiguration;
			buildSettings = {
				ASSETCATALOG_COMPILER_APPICON_NAME = AppIcon;
				CODE_SIGN_STYLE = Automatic;
				INFOPLIST_FILE = Diplom/Info.plist;
				LD_RUNPATH_SEARCH_PATHS = (
					"$(inherited)",
					"@executable_path/Frameworks",
				);
				PRODUCT_BUNDLE_IDENTIFIER = semenov.Diplom;
				PRODUCT_NAME = "$(TARGET_NAME)";
				SWIFT_VERSION = 5.0;
				TARGETED_DEVICE_FAMILY = "1,2";
			};
			name = Debug;
		};
		84B5A046242CFDBE00736FD1 /* Release */ = {
			isa = XCBuildConfiguration;
			buildSettings = {
				ASSETCATALOG_COMPILER_APPICON_NAME = AppIcon;
				CODE_SIGN_STYLE = Automatic;
				INFOPLIST_FILE = Diplom/Info.plist;
				LD_RUNPATH_SEARCH_PATHS = (
					"$(inherited)",
					"@executable_path/Frameworks",
				);
				PRODUCT_BUNDLE_IDENTIFIER = semenov.Diplom;
				PRODUCT_NAME = "$(TARGET_NAME)";
				SWIFT_VERSION = 5.0;
				TARGETED_DEVICE_FAMILY = "1,2";
			};
			name = Release;
		};
		84B5A048242CFDBE00736FD1 /* Debug */ = {
			isa = XCBuildConfiguration;
			buildSettings = {
				ALWAYS_EMBED_SWIFT_STANDARD_LIBRARIES = YES;
				BUNDLE_LOADER = "$(TEST_HOST)";
				CODE_SIGN_STYLE = Automatic;
				INFOPLIST_FILE = DiplomTests/Info.plist;
				IPHONEOS_DEPLOYMENT_TARGET = 13.4;
				LD_RUNPATH_SEARCH_PATHS = (
					"$(inherited)",
					"@executable_path/Frameworks",
					"@loader_path/Frameworks",
				);
				PRODUCT_BUNDLE_IDENTIFIER = semenov.DiplomTests;
				PRODUCT_NAME = "$(TARGET_NAME)";
				SWIFT_VERSION = 5.0;
				TARGETED_DEVICE_FAMILY = "1,2";
				TEST_HOST = "$(BUILT_PRODUCTS_DIR)/Diplom.app/Diplom";
			};
			name = Debug;
		};
		84B5A049242CFDBE00736FD1 /* Release */ = {
			isa = XCBuildConfiguration;
			buildSettings = {
				ALWAYS_EMBED_SWIFT_STANDARD_LIBRARIES = YES;
				BUNDLE_LOADER = "$(TEST_HOST)";
				CODE_SIGN_STYLE = Automatic;
				INFOPLIST_FILE = DiplomTests/Info.plist;
				IPHONEOS_DEPLOYMENT_TARGET = 13.4;
				LD_RUNPATH_SEARCH_PATHS = (
					"$(inherited)",
					"@executable_path/Frameworks",
					"@loader_path/Frameworks",
				);
				PRODUCT_BUNDLE_IDENTIFIER = semenov.DiplomTests;
				PRODUCT_NAME = "$(TARGET_NAME)";
				SWIFT_VERSION = 5.0;
				TARGETED_DEVICE_FAMILY = "1,2";
				TEST_HOST = "$(BUILT_PRODUCTS_DIR)/Diplom.app/Diplom";
			};
			name = Release;
		};
		84B5A04B242CFDBE00736FD1 /* Debug */ = {
			isa = XCBuildConfiguration;
			buildSettings = {
				ALWAYS_EMBED_SWIFT_STANDARD_LIBRARIES = YES;
				CODE_SIGN_STYLE = Automatic;
				INFOPLIST_FILE = DiplomUITests/Info.plist;
				LD_RUNPATH_SEARCH_PATHS = (
					"$(inherited)",
					"@executable_path/Frameworks",
					"@loader_path/Frameworks",
				);
				PRODUCT_BUNDLE_IDENTIFIER = semenov.DiplomUITests;
				PRODUCT_NAME = "$(TARGET_NAME)";
				SWIFT_VERSION = 5.0;
				TARGETED_DEVICE_FAMILY = "1,2";
				TEST_TARGET_NAME = Diplom;
			};
			name = Debug;
		};
		84B5A04C242CFDBE00736FD1 /* Release */ = {
			isa = XCBuildConfiguration;
			buildSettings = {
				ALWAYS_EMBED_SWIFT_STANDARD_LIBRARIES = YES;
				CODE_SIGN_STYLE = Automatic;
				INFOPLIST_FILE = DiplomUITests/Info.plist;
				LD_RUNPATH_SEARCH_PATHS = (
					"$(inherited)",
					"@executable_path/Frameworks",
					"@loader_path/Frameworks",
				);
				PRODUCT_BUNDLE_IDENTIFIER = semenov.DiplomUITests;
				PRODUCT_NAME = "$(TARGET_NAME)";
				SWIFT_VERSION = 5.0;
				TARGETED_DEVICE_FAMILY = "1,2";
				TEST_TARGET_NAME = Diplom;
			};
			name = Release;
		};
/* End XCBuildConfiguration section */

/* Begin XCConfigurationList section */
		84B5A015242CFDA700736FD1 /* Build configuration list for PBXProject "Diplom" */ = {
			isa = XCConfigurationList;
			buildConfigurations = (
				84B5A042242CFDBE00736FD1 /* Debug */,
				84B5A043242CFDBE00736FD1 /* Release */,
			);
			defaultConfigurationIsVisible = 0;
			defaultConfigurationName = Release;
		};
		84B5A044242CFDBE00736FD1 /* Build configuration list for PBXNativeTarget "Diplom" */ = {
			isa = XCConfigurationList;
			buildConfigurations = (
				84B5A045242CFDBE00736FD1 /* Debug */,
				84B5A046242CFDBE00736FD1 /* Release */,
			);
			defaultConfigurationIsVisible = 0;
			defaultConfigurationName = Release;
		};
		84B5A047242CFDBE00736FD1 /* Build configuration list for PBXNativeTarget "DiplomTests" */ = {
			isa = XCConfigurationList;
			buildConfigurations = (
				84B5A048242CFDBE00736FD1 /* Debug */,
				84B5A049242CFDBE00736FD1 /* Release */,
			);
			defaultConfigurationIsVisible = 0;
			defaultConfigurationName = Release;
		};
		84B5A04A242CFDBE00736FD1 /* Build configuration list for PBXNativeTarget "DiplomUITests" */ = {
			isa = XCConfigurationList;
			buildConfigurations = (
				84B5A04B242CFDBE00736FD1 /* Debug */,
				84B5A04C242CFDBE00736FD1 /* Release */,
			);
			defaultConfigurationIsVisible = 0;
			defaultConfigurationName = Release;
		};
/* End XCConfigurationList section */

/* Begin XCRemoteSwiftPackageReference section */
		84FCC18F242DDF98008F8F3B /* XCRemoteSwiftPackageReference "realm-cocoa" */ = {
			isa = XCRemoteSwiftPackageReference;
			repositoryURL = "https://github.com/realm/realm-cocoa.git";
			requirement = {
				kind = upToNextMajorVersion;
				minimumVersion = 4.4.0;
			};
		};
/* End XCRemoteSwiftPackageReference section */

/* Begin XCSwiftPackageProductDependency section */
		84FCC190242DDF99008F8F3B /* Realm */ = {
			isa = XCSwiftPackageProductDependency;
			package = 84FCC18F242DDF98008F8F3B /* XCRemoteSwiftPackageReference "realm-cocoa" */;
			productName = Realm;
		};
		84FCC192242DDF99008F8F3B /* RealmSwift */ = {
			isa = XCSwiftPackageProductDependency;
			package = 84FCC18F242DDF98008F8F3B /* XCRemoteSwiftPackageReference "realm-cocoa" */;
			productName = RealmSwift;
		};
/* End XCSwiftPackageProductDependency section */
	};
	rootObject = 84B5A012242CFDA700736FD1 /* Project object */;
}
